
Microsoft Visual Studio Solution File, Format Version 12.00
# Visual Studio Version 16
VisualStudioVersion = 16.0.28803.202
MinimumVisualStudioVersion = 10.0.40219.1
Project("{FAE04EC0-301F-11D3-BF4B-00C04F79EFBC}") = "GeneticDots.UI", "GeneticDots.UI\GeneticDots.UI.csproj", "{B8F0D688-30AA-4FD4-8CFB-8B8D59DC5565}"
EndProject
Project("{FAE04EC0-301F-11D3-BF4B-00C04F79EFBC}") = "GeneticDots.Domain", "GeneticDots.Domain\GeneticDots.Domain.csproj", "{49AC5F18-BD0B-4659-ABE6-5DEC3D9D481D}"
EndProject
Global
	GlobalSection(SolutionConfigurationPlatforms) = preSolution
		Debug|Any CPU = Debug|Any CPU
		Release|Any CPU = Release|Any CPU
	EndGlobalSection
	GlobalSection(ProjectConfigurationPlatforms) = postSolution
		{B8F0D688-30AA-4FD4-8CFB-8B8D59DC5565}.Debug|Any CPU.ActiveCfg = Debug|Any CPU
		{B8F0D688-30AA-4FD4-8CFB-8B8D59DC5565}.Debug|Any CPU.Build.0 = Debug|Any CPU
		{B8F0D688-30AA-4FD4-8CFB-8B8D59DC5565}.Release|Any CPU.ActiveCfg = Release|Any CPU
		{B8F0D688-30AA-4FD4-8CFB-8B8D59DC5565}.Release|Any CPU.Build.0 = Release|Any CPU
		{49AC5F18-BD0B-4659-ABE6-5DEC3D9D481D}.Debug|Any CPU.ActiveCfg = Debug|Any CPU
		{49AC5F18-BD0B-4659-ABE6-5DEC3D9D481D}.Debug|Any CPU.Build.0 = Debug|Any CPU
		{49AC5F18-BD0B-4659-ABE6-5DEC3D9D481D}.Release|Any CPU.ActiveCfg = Release|Any CPU
		{49AC5F18-BD0B-4659-ABE6-5DEC3D9D481D}.Release|Any CPU.Build.0 = Release|Any CPU
	EndGlobalSection
	GlobalSection(SolutionProperties) = preSolution
		HideSolutionNode = FALSE
	EndGlobalSection
	GlobalSection(ExtensibilityGlobals) = postSolution
		SolutionGuid = {AA8D647C-7A54-4BB1-B2DB-6DA8DD5B48E4}
	EndGlobalSection
EndGlobal
